
Microsoft Visual Studio Solution File, Format Version 12.00
# Visual Studio Version 16
VisualStudioVersion = 16.0.31229.75
MinimumVisualStudioVersion = 10.0.40219.1
Project("{9A19103F-16F7-4668-BE54-9A1E7A4F7556}") = "BAI_1.0_ONTAP_CSHARP1_CRUD", "BAI_1.0_ONTAP_CSHARP1_CRUD\BAI_1.0_ONTAP_CSHARP1_CRUD.csproj", "{9D80A358-5C24-4534-A72A-C7991C2F623E}"
EndProject
Project("{9A19103F-16F7-4668-BE54-9A1E7A4F7556}") = "BAI_1.1_ONTAP_CSHARP1_CRUD_NANGCAO", "BAI_1.1_ONTAP_CSHARP1_CRUD_NANGCAO\BAI_1.1_ONTAP_CSHARP1_CRUD_NANGCAO.csproj", "{C6BB336B-1357-4028-BBF3-AFE18A16113C}"
EndProject
Project("{9A19103F-16F7-4668-BE54-9A1E7A4F7556}") = "BAI_1.2_DELEGATE", "BAI_1.2_DELEGATE\BAI_1.2_DELEGATE.csproj", "{45ADC7FF-DD97-4E9B-9161-219AF88508E9}"
EndProject
Project("{9A19103F-16F7-4668-BE54-9A1E7A4F7556}") = "BAI_1.3_DELEGATE_ACTION_FUNC", "BAI_1.3_DELEGATE_ACTION_FUNC\BAI_1.3_DELEGATE_ACTION_FUNC.csproj", "{8E30851C-CFEC-4776-B7D2-5EAFC03C6341}"
EndProject
Project("{9A19103F-16F7-4668-BE54-9A1E7A4F7556}") = "BAI_1.4_DELEGATE_EVENT", "BAI_1.4_DELEGATE_EVENT\BAI_1.4_DELEGATE_EVENT.csproj", "{A89159D5-75DF-48C8-9D48-A9848A7B768D}"
EndProject
Project("{9A19103F-16F7-4668-BE54-9A1E7A4F7556}") = "BAI_1.5_DELEGATE_EVENT2", "BAI_1.5_DELEGATE_EVENT2\BAI_1.5_DELEGATE_EVENT2.csproj", "{D120D794-4293-4713-8516-9BDD744A929D}"
EndProject
Project("{9A19103F-16F7-4668-BE54-9A1E7A4F7556}") = "BAI_1.6_DELEGATE_EVENT3", "BAI_1.6_DELEGATE_EVENT3\BAI_1.6_DELEGATE_EVENT3.csproj", "{9E201967-5137-4161-B769-388901205ECE}"
EndProject
Project("{9A19103F-16F7-4668-BE54-9A1E7A4F7556}") = "BAI_1.7_EXCEPTION", "BAI_1.7_EXCEPTION\BAI_1.7_EXCEPTION.csproj", "{8C8B8F43-7D52-4691-A809-430442EC0E89}"
EndProject
Project("{9A19103F-16F7-4668-BE54-9A1E7A4F7556}") = "BAI_1.8_DinhNghia_EXCEPTION", "BAI_1.8_DinhNghia_EXCEPTION\BAI_1.8_DinhNghia_EXCEPTION.csproj", "{0FCCC01B-4A21-4DEC-90AC-A17CB409DD0C}"
EndProject
Project("{9A19103F-16F7-4668-BE54-9A1E7A4F7556}") = "BAI_1.9_DINH_NGHIA_CLASS_EXCEPTION", "BAI_1.9_DINH_NGHIA_CLASS_EXCEPTION\BAI_1.9_DINH_NGHIA_CLASS_EXCEPTION.csproj", "{81CFD1B8-051B-4405-BAC4-8E0AE1AE9A56}"
EndProject
Project("{9A19103F-16F7-4668-BE54-9A1E7A4F7556}") = "BAI_2.0_COLLECTION", "BAI_2.0_COLLECTION\BAI_2.0_COLLECTION.csproj", "{AA379344-3CB2-4BAF-98A5-A2EA1C923236}"
EndProject
Project("{9A19103F-16F7-4668-BE54-9A1E7A4F7556}") = "BAI_2.1_GENERIC", "BAI_2.1_GENERIC\BAI_2.1_GENERIC.csproj", "{2D77E7C2-DC23-4B77-BEA1-DE94B7A4BA39}"
EndProject
Project("{9A19103F-16F7-4668-BE54-9A1E7A4F7556}") = "BAI_2.2_CLASS_GENERIC", "BAI_2.2_CLASS_GENERIC\BAI_2.2_CLASS_GENERIC.csproj", "{F0C381A8-ACCB-448C-867D-E456BB4E9AF2}"
EndProject
Project("{9A19103F-16F7-4668-BE54-9A1E7A4F7556}") = "BAI_2.3_GENERIC_COLLECTIONS", "BAI_2.3_GENERIC_COLLECTIONS\BAI_2.3_GENERIC_COLLECTIONS.csproj", "{B5FA037B-0C9C-4D10-A1BF-7A6EBCA65C13}"
EndProject
Project("{9A19103F-16F7-4668-BE54-9A1E7A4F7556}") = "BAI_2.4_PARTIAL_CLASS_METHOD", "BAI_2.4_PARTIAL_CLASS_METHOD\BAI_2.4_PARTIAL_CLASS_METHOD.csproj", "{4ED8BE77-CC9F-4209-8C56-8509B2E538E2}"
EndProject
Project("{9A19103F-16F7-4668-BE54-9A1E7A4F7556}") = "BAI_2.5_IMPLICITLY_VA_DYNAMIC_TYPE", "BAI_2.5_IMPLICITLY_VA_DYNAMIC_TYPE\BAI_2.5_IMPLICITLY_VA_DYNAMIC_TYPE.csproj", "{2384B3EC-DC25-4F08-B765-B0B893742AED}"
EndProject
Project("{9A19103F-16F7-4668-BE54-9A1E7A4F7556}") = "BAI_2.6_NULLABLE_TYPED", "BAI_2.6_NULLABLE_TYPED\BAI_2.6_NULLABLE_TYPED.csproj", "{539C6536-2D2E-4897-8494-0B897FA346D1}"
EndProject
Project("{FAE04EC0-301F-11D3-BF4B-00C04F79EFBC}") = "BAI_2.7_ANONYMOUS_TYPED", "BAI_2.7_ANONYMOUS_TYPED\BAI_2.7_ANONYMOUS_TYPED.csproj", "{D204C44D-7EA5-4CBD-BA31-8F4090A20F45}"
EndProject
Project("{FAE04EC0-301F-11D3-BF4B-00C04F79EFBC}") = "BAI_2.8_THAO_TAC_VOI_TAP_TIN_System.IO", "BAI_2.8_THAO_TAC_VOI_TAP_TIN_System.IO\BAI_2.8_THAO_TAC_VOI_TAP_TIN_System.IO.csproj", "{C7F3E2D9-F7EA-4EBE-8CC3-9A21342AC833}"
EndProject
Project("{FAE04EC0-301F-11D3-BF4B-00C04F79EFBC}") = "BAI_2.9_DocGhiDoiTuong", "BAI_2.9_DocGhiDoiTuong\BAI_2.9_DocGhiDoiTuong.csproj", "{EABCAD13-CD09-44F2-90C5-BA37B401D886}"
EndProject
Global
	GlobalSection(SolutionConfigurationPlatforms) = preSolution
		Debug|Any CPU = Debug|Any CPU
		Release|Any CPU = Release|Any CPU
	EndGlobalSection
	GlobalSection(ProjectConfigurationPlatforms) = postSolution
		{9D80A358-5C24-4534-A72A-C7991C2F623E}.Debug|Any CPU.ActiveCfg = Debug|Any CPU
		{9D80A358-5C24-4534-A72A-C7991C2F623E}.Debug|Any CPU.Build.0 = Debug|Any CPU
		{9D80A358-5C24-4534-A72A-C7991C2F623E}.Release|Any CPU.ActiveCfg = Release|Any CPU
		{9D80A358-5C24-4534-A72A-C7991C2F623E}.Release|Any CPU.Build.0 = Release|Any CPU
		{C6BB336B-1357-4028-BBF3-AFE18A16113C}.Debug|Any CPU.ActiveCfg = Debug|Any CPU
		{C6BB336B-1357-4028-BBF3-AFE18A16113C}.Debug|Any CPU.Build.0 = Debug|Any CPU
		{C6BB336B-1357-4028-BBF3-AFE18A16113C}.Release|Any CPU.ActiveCfg = Release|Any CPU
		{C6BB336B-1357-4028-BBF3-AFE18A16113C}.Release|Any CPU.Build.0 = Release|Any CPU
		{45ADC7FF-DD97-4E9B-9161-219AF88508E9}.Debug|Any CPU.ActiveCfg = Debug|Any CPU
		{45ADC7FF-DD97-4E9B-9161-219AF88508E9}.Debug|Any CPU.Build.0 = Debug|Any CPU
		{45ADC7FF-DD97-4E9B-9161-219AF88508E9}.Release|Any CPU.ActiveCfg = Release|Any CPU
		{45ADC7FF-DD97-4E9B-9161-219AF88508E9}.Release|Any CPU.Build.0 = Release|Any CPU
		{8E30851C-CFEC-4776-B7D2-5EAFC03C6341}.Debug|Any CPU.ActiveCfg = Debug|Any CPU
		{8E30851C-CFEC-4776-B7D2-5EAFC03C6341}.Debug|Any CPU.Build.0 = Debug|Any CPU
		{8E30851C-CFEC-4776-B7D2-5EAFC03C6341}.Release|Any CPU.ActiveCfg = Release|Any CPU
		{8E30851C-CFEC-4776-B7D2-5EAFC03C6341}.Release|Any CPU.Build.0 = Release|Any CPU
		{A89159D5-75DF-48C8-9D48-A9848A7B768D}.Debug|Any CPU.ActiveCfg = Debug|Any CPU
		{A89159D5-75DF-48C8-9D48-A9848A7B768D}.Debug|Any CPU.Build.0 = Debug|Any CPU
		{A89159D5-75DF-48C8-9D48-A9848A7B768D}.Release|Any CPU.ActiveCfg = Release|Any CPU
		{A89159D5-75DF-48C8-9D48-A9848A7B768D}.Release|Any CPU.Build.0 = Release|Any CPU
		{D120D794-4293-4713-8516-9BDD744A929D}.Debug|Any CPU.ActiveCfg = Debug|Any CPU
		{D120D794-4293-4713-8516-9BDD744A929D}.Debug|Any CPU.Build.0 = Debug|Any CPU
		{D120D794-4293-4713-8516-9BDD744A929D}.Release|Any CPU.ActiveCfg = Release|Any CPU
		{D120D794-4293-4713-8516-9BDD744A929D}.Release|Any CPU.Build.0 = Release|Any CPU
		{9E201967-5137-4161-B769-388901205ECE}.Debug|Any CPU.ActiveCfg = Debug|Any CPU
		{9E201967-5137-4161-B769-388901205ECE}.Debug|Any CPU.Build.0 = Debug|Any CPU
		{9E201967-5137-4161-B769-388901205ECE}.Release|Any CPU.ActiveCfg = Release|Any CPU
		{9E201967-5137-4161-B769-388901205ECE}.Release|Any CPU.Build.0 = Release|Any CPU
		{8C8B8F43-7D52-4691-A809-430442EC0E89}.Debug|Any CPU.ActiveCfg = Debug|Any CPU
		{8C8B8F43-7D52-4691-A809-430442EC0E89}.Debug|Any CPU.Build.0 = Debug|Any CPU
		{8C8B8F43-7D52-4691-A809-430442EC0E89}.Release|Any CPU.ActiveCfg = Release|Any CPU
		{8C8B8F43-7D52-4691-A809-430442EC0E89}.Release|Any CPU.Build.0 = Release|Any CPU
		{0FCCC01B-4A21-4DEC-90AC-A17CB409DD0C}.Debug|Any CPU.ActiveCfg = Debug|Any CPU
		{0FCCC01B-4A21-4DEC-90AC-A17CB409DD0C}.Debug|Any CPU.Build.0 = Debug|Any CPU
		{0FCCC01B-4A21-4DEC-90AC-A17CB409DD0C}.Release|Any CPU.ActiveCfg = Release|Any CPU
		{0FCCC01B-4A21-4DEC-90AC-A17CB409DD0C}.Release|Any CPU.Build.0 = Release|Any CPU
		{81CFD1B8-051B-4405-BAC4-8E0AE1AE9A56}.Debug|Any CPU.ActiveCfg = Debug|Any CPU
		{81CFD1B8-051B-4405-BAC4-8E0AE1AE9A56}.Debug|Any CPU.Build.0 = Debug|Any CPU
		{81CFD1B8-051B-4405-BAC4-8E0AE1AE9A56}.Release|Any CPU.ActiveCfg = Release|Any CPU
		{81CFD1B8-051B-4405-BAC4-8E0AE1AE9A56}.Release|Any CPU.Build.0 = Release|Any CPU
		{AA379344-3CB2-4BAF-98A5-A2EA1C923236}.Debug|Any CPU.ActiveCfg = Debug|Any CPU
		{AA379344-3CB2-4BAF-98A5-A2EA1C923236}.Debug|Any CPU.Build.0 = Debug|Any CPU
		{AA379344-3CB2-4BAF-98A5-A2EA1C923236}.Release|Any CPU.ActiveCfg = Release|Any CPU
		{AA379344-3CB2-4BAF-98A5-A2EA1C923236}.Release|Any CPU.Build.0 = Release|Any CPU
		{2D77E7C2-DC23-4B77-BEA1-DE94B7A4BA39}.Debug|Any CPU.ActiveCfg = Debug|Any CPU
		{2D77E7C2-DC23-4B77-BEA1-DE94B7A4BA39}.Debug|Any CPU.Build.0 = Debug|Any CPU
		{2D77E7C2-DC23-4B77-BEA1-DE94B7A4BA39}.Release|Any CPU.ActiveCfg = Release|Any CPU
		{2D77E7C2-DC23-4B77-BEA1-DE94B7A4BA39}.Release|Any CPU.Build.0 = Release|Any CPU
		{F0C381A8-ACCB-448C-867D-E456BB4E9AF2}.Debug|Any CPU.ActiveCfg = Debug|Any CPU
		{F0C381A8-ACCB-448C-867D-E456BB4E9AF2}.Debug|Any CPU.Build.0 = Debug|Any CPU
		{F0C381A8-ACCB-448C-867D-E456BB4E9AF2}.Release|Any CPU.ActiveCfg = Release|Any CPU
		{F0C381A8-ACCB-448C-867D-E456BB4E9AF2}.Release|Any CPU.Build.0 = Release|Any CPU
		{B5FA037B-0C9C-4D10-A1BF-7A6EBCA65C13}.Debug|Any CPU.ActiveCfg = Debug|Any CPU
		{B5FA037B-0C9C-4D10-A1BF-7A6EBCA65C13}.Debug|Any CPU.Build.0 = Debug|Any CPU
		{B5FA037B-0C9C-4D10-A1BF-7A6EBCA65C13}.Release|Any CPU.ActiveCfg = Release|Any CPU
		{B5FA037B-0C9C-4D10-A1BF-7A6EBCA65C13}.Release|Any CPU.Build.0 = Release|Any CPU
		{4ED8BE77-CC9F-4209-8C56-8509B2E538E2}.Debug|Any CPU.ActiveCfg = Debug|Any CPU
		{4ED8BE77-CC9F-4209-8C56-8509B2E538E2}.Debug|Any CPU.Build.0 = Debug|Any CPU
		{4ED8BE77-CC9F-4209-8C56-8509B2E538E2}.Release|Any CPU.ActiveCfg = Release|Any CPU
		{4ED8BE77-CC9F-4209-8C56-8509B2E538E2}.Release|Any CPU.Build.0 = Release|Any CPU
		{2384B3EC-DC25-4F08-B765-B0B893742AED}.Debug|Any CPU.ActiveCfg = Debug|Any CPU
		{2384B3EC-DC25-4F08-B765-B0B893742AED}.Debug|Any CPU.Build.0 = Debug|Any CPU
		{2384B3EC-DC25-4F08-B765-B0B893742AED}.Release|Any CPU.ActiveCfg = Release|Any CPU
		{2384B3EC-DC25-4F08-B765-B0B893742AED}.Release|Any CPU.Build.0 = Release|Any CPU
		{539C6536-2D2E-4897-8494-0B897FA346D1}.Debug|Any CPU.ActiveCfg = Debug|Any CPU
		{539C6536-2D2E-4897-8494-0B897FA346D1}.Debug|Any CPU.Build.0 = Debug|Any CPU
		{539C6536-2D2E-4897-8494-0B897FA346D1}.Release|Any CPU.ActiveCfg = Release|Any CPU
		{539C6536-2D2E-4897-8494-0B897FA346D1}.Release|Any CPU.Build.0 = Release|Any CPU
		{D204C44D-7EA5-4CBD-BA31-8F4090A20F45}.Debug|Any CPU.ActiveCfg = Debug|Any CPU
		{D204C44D-7EA5-4CBD-BA31-8F4090A20F45}.Debug|Any CPU.Build.0 = Debug|Any CPU
		{D204C44D-7EA5-4CBD-BA31-8F4090A20F45}.Release|Any CPU.ActiveCfg = Release|Any CPU
		{D204C44D-7EA5-4CBD-BA31-8F4090A20F45}.Release|Any CPU.Build.0 = Release|Any CPU
		{C7F3E2D9-F7EA-4EBE-8CC3-9A21342AC833}.Debug|Any CPU.ActiveCfg = Debug|Any CPU
		{C7F3E2D9-F7EA-4EBE-8CC3-9A21342AC833}.Debug|Any CPU.Build.0 = Debug|Any CPU
		{C7F3E2D9-F7EA-4EBE-8CC3-9A21342AC833}.Release|Any CPU.ActiveCfg = Release|Any CPU
		{C7F3E2D9-F7EA-4EBE-8CC3-9A21342AC833}.Release|Any CPU.Build.0 = Release|Any CPU
		{EABCAD13-CD09-44F2-90C5-BA37B401D886}.Debug|Any CPU.ActiveCfg = Debug|Any CPU
		{EABCAD13-CD09-44F2-90C5-BA37B401D886}.Debug|Any CPU.Build.0 = Debug|Any CPU
		{EABCAD13-CD09-44F2-90C5-BA37B401D886}.Release|Any CPU.ActiveCfg = Release|Any CPU
		{EABCAD13-CD09-44F2-90C5-BA37B401D886}.Release|Any CPU.Build.0 = Release|Any CPU
	EndGlobalSection
	GlobalSection(SolutionProperties) = preSolution
		HideSolutionNode = FALSE
	EndGlobalSection
	GlobalSection(ExtensibilityGlobals) = postSolution
		SolutionGuid = {AADDD0F4-20CD-422F-A126-64C34BE30480}
	EndGlobalSection
EndGlobal
